// !$*UTF8*$!
{
	archiveVersion = 1;
	classes = {
	};
	objectVersion = 46;
	objects = {

/* Begin PBXBuildFile section */
		A87382FE1D4D43FD00BA5070 /* AppDelegate.swift in Sources */ = {isa = PBXBuildFile; fileRef = A87382FD1D4D43FD00BA5070 /* AppDelegate.swift */; };
		A87383001D4D43FD00BA5070 /* ViewController.swift in Sources */ = {isa = PBXBuildFile; fileRef = A87382FF1D4D43FD00BA5070 /* ViewController.swift */; };
		A87383031D4D43FD00BA5070 /* Main.storyboard in Resources */ = {isa = PBXBuildFile; fileRef = A87383011D4D43FD00BA5070 /* Main.storyboard */; };
		A87383051D4D43FD00BA5070 /* Assets.xcassets in Resources */ = {isa = PBXBuildFile; fileRef = A87383041D4D43FD00BA5070 /* Assets.xcassets */; };
		A87383081D4D43FD00BA5070 /* LaunchScreen.storyboard in Resources */ = {isa = PBXBuildFile; fileRef = A87383061D4D43FD00BA5070 /* LaunchScreen.storyboard */; };
		A87383101D4D441E00BA5070 /* Extensions.swift in Sources */ = {isa = PBXBuildFile; fileRef = A873830F1D4D441E00BA5070 /* Extensions.swift */; };
		A87383121D4D445100BA5070 /* PauseView.swift in Sources */ = {isa = PBXBuildFile; fileRef = A87383111D4D445100BA5070 /* PauseView.swift */; };
		A87383141D4D445D00BA5070 /* PauseView.xib in Resources */ = {isa = PBXBuildFile; fileRef = A87383131D4D445D00BA5070 /* PauseView.xib */; };
/* End PBXBuildFile section */

/* Begin PBXFileReference section */
		A87382FA1D4D43FD00BA5070 /* Game.app */ = {isa = PBXFileReference; explicitFileType = wrapper.application; includeInIndex = 0; path = Game.app; sourceTree = BUILT_PRODUCTS_DIR; };
		A87382FD1D4D43FD00BA5070 /* AppDelegate.swift */ = {isa = PBXFileReference; lastKnownFileType = sourcecode.swift; path = AppDelegate.swift; sourceTree = "<group>"; };
		A87382FF1D4D43FD00BA5070 /* ViewController.swift */ = {isa = PBXFileReference; lastKnownFileType = sourcecode.swift; path = ViewController.swift; sourceTree = "<group>"; };
		A87383021D4D43FD00BA5070 /* Base */ = {isa = PBXFileReference; lastKnownFileType = file.storyboard; name = Base; path = Base.lproj/Main.storyboard; sourceTree = "<group>"; };
		A87383041D4D43FD00BA5070 /* Assets.xcassets */ = {isa = PBXFileReference; lastKnownFileType = folder.assetcatalog; path = Assets.xcassets; sourceTree = "<group>"; };
		A87383071D4D43FD00BA5070 /* Base */ = {isa = PBXFileReference; lastKnownFileType = file.storyboard; name = Base; path = Base.lproj/LaunchScreen.storyboard; sourceTree = "<group>"; };
		A87383091D4D43FD00BA5070 /* Info.plist */ = {isa = PBXFileReference; lastKnownFileType = text.plist.xml; path = Info.plist; sourceTree = "<group>"; };
		A873830F1D4D441E00BA5070 /* Extensions.swift */ = {isa = PBXFileReference; fileEncoding = 4; lastKnownFileType = sourcecode.swift; path = Extensions.swift; sourceTree = "<group>"; };
		A87383111D4D445100BA5070 /* PauseView.swift */ = {isa = PBXFileReference; fileEncoding = 4; lastKnownFileType = sourcecode.swift; path = PauseView.swift; sourceTree = "<group>"; };
		A87383131D4D445D00BA5070 /* PauseView.xib */ = {isa = PBXFileReference; fileEncoding = 4; lastKnownFileType = file.xib; path = PauseView.xib; sourceTree = "<group>"; };
/* End PBXFileReference section */

/* Begin PBXFrameworksBuildPhase section */
		A87382F71D4D43FD00BA5070 /* Frameworks */ = {
			isa = PBXFrameworksBuildPhase;
			buildActionMask = 2147483647;
			files = (
			);
			runOnlyForDeploymentPostprocessing = 0;
		};
/* End PBXFrameworksBuildPhase section */

/* Begin PBXGroup section */
		A87382F11D4D43FD00BA5070 = {
			isa = PBXGroup;
			children = (
				A87382FC1D4D43FD00BA5070 /* Game */,
				A87382FB1D4D43FD00BA5070 /* Products */,
			);
			sourceTree = "<group>";
		};
		A87382FB1D4D43FD00BA5070 /* Products */ = {
			isa = PBXGroup;
			children = (
				A87382FA1D4D43FD00BA5070 /* Game.app */,
			);
			name = Products;
			sourceTree = "<group>";
		};
		A87382FC1D4D43FD00BA5070 /* Game */ = {
			isa = PBXGroup;
			children = (
				A87383151D4D452A00BA5070 /* Pause View */,
				A87382FD1D4D43FD00BA5070 /* AppDelegate.swift */,
				A87382FF1D4D43FD00BA5070 /* ViewController.swift */,
				A87383011D4D43FD00BA5070 /* Main.storyboard */,
				A87383041D4D43FD00BA5070 /* Assets.xcassets */,
				A87383061D4D43FD00BA5070 /* LaunchScreen.storyboard */,
				A87383091D4D43FD00BA5070 /* Info.plist */,
			);
			path = Game;
			sourceTree = "<group>";
		};
		A87383151D4D452A00BA5070 /* Pause View */ = {
			isa = PBXGroup;
			children = (
				A87383131D4D445D00BA5070 /* PauseView.xib */,
				A87383111D4D445100BA5070 /* PauseView.swift */,
				A873830F1D4D441E00BA5070 /* Extensions.swift */,
			);
			name = "Pause View";
			sourceTree = "<group>";
		};
/* End PBXGroup section */

/* Begin PBXNativeTarget section */
		A87382F91D4D43FD00BA5070 /* Game */ = {
			isa = PBXNativeTarget;
			buildConfigurationList = A873830C1D4D43FD00BA5070 /* Build configuration list for PBXNativeTarget "Game" */;
			buildPhases = (
				A87382F61D4D43FD00BA5070 /* Sources */,
				A87382F71D4D43FD00BA5070 /* Frameworks */,
				A87382F81D4D43FD00BA5070 /* Resources */,
			);
			buildRules = (
			);
			dependencies = (
			);
			name = Game;
			productName = Game;
			productReference = A87382FA1D4D43FD00BA5070 /* Game.app */;
			productType = "com.apple.product-type.application";
		};
/* End PBXNativeTarget section */

/* Begin PBXProject section */
		A87382F21D4D43FD00BA5070 /* Project object */ = {
			isa = PBXProject;
			attributes = {
				LastSwiftUpdateCheck = 0730;
				LastUpgradeCheck = 1130;
				ORGANIZATIONNAME = 7renk;
				TargetAttributes = {
					A87382F91D4D43FD00BA5070 = {
						CreatedOnToolsVersion = 7.3.1;
						DevelopmentTeam = 78EK3V2758;
					};
				};
			};
			buildConfigurationList = A87382F51D4D43FD00BA5070 /* Build configuration list for PBXProject "Game" */;
			compatibilityVersion = "Xcode 3.2";
			developmentRegion = en;
			hasScannedForEncodings = 0;
			knownRegions = (
				en,
				Base,
			);
			mainGroup = A87382F11D4D43FD00BA5070;
			productRefGroup = A87382FB1D4D43FD00BA5070 /* Products */;
			projectDirPath = "";
			projectRoot = "";
			targets = (
				A87382F91D4D43FD00BA5070 /* Game */,
			);
		};
/* End PBXProject section */

/* Begin PBXResourcesBuildPhase section */
		A87382F81D4D43FD00BA5070 /* Resources */ = {
			isa = PBXResourcesBuildPhase;
			buildActionMask = 2147483647;
			files = (
				A87383081D4D43FD00BA5070 /* LaunchScreen.storyboard in Resources */,
				A87383051D4D43FD00BA5070 /* Assets.xcassets in Resources */,
				A87383031D4D43FD00BA5070 /* Main.storyboard in Resources */,
				A87383141D4D445D00BA5070 /* PauseView.xib in Resources */,
			);
			runOnlyForDeploymentPostprocessing = 0;
		};
/* End PBXResourcesBuildPhase section */

/* Begin PBXSourcesBuildPhase section */
		A87382F61D4D43FD00BA5070 /* Sources */ = {
			isa = PBXSourcesBuildPhase;
			buildActionMask = 2147483647;
			files = (
				A87383001D4D43FD00BA5070 /* ViewController.swift in Sources */,
				A87383101D4D441E00BA5070 /* Extensions.swift in Sources */,
				A87382FE1D4D43FD00BA5070 /* AppDelegate.swift in Sources */,
				A87383121D4D445100BA5070 /* PauseView.swift in Sources */,
			);
			runOnlyForDeploymentPostprocessing = 0;
		};
/* End PBXSourcesBuildPhase section */

/* Begin PBXVariantGroup section */
		A87383011D4D43FD00BA5070 /* Main.storyboard */ = {
			isa = PBXVariantGroup;
			children = (
				A87383021D4D43FD00BA5070 /* Base */,
			);
			name = Main.storyboard;
			sourceTree = "<group>";
		};
		A87383061D4D43FD00BA5070 /* LaunchScreen.storyboard */ = {
			isa = PBXVariantGroup;
			children = (
				A87383071D4D43FD00BA5070 /* Base */,
			);
			name = LaunchScreen.storyboard;
			sourceTree = "<group>";
		};
/* End PBXVariantGroup section */

/* Begin XCBuildConfiguration section */
		A873830A1D4D43FD00BA5070 /* Debug */ = {
			isa = XCBuildConfiguration;
			buildSettings = {
				ALWAYS_SEARCH_USER_PATHS = NO;
				CLANG_ANALYZER_LOCALIZABILITY_NONLOCALIZED = YES;
				CLANG_ANALYZER_NONNULL = YES;
				CLANG_CXX_LANGUAGE_STANDARD = "gnu++0x";
				CLANG_CXX_LIBRARY = "libc++";
				CLANG_ENABLE_MODULES = YES;
				CLANG_ENABLE_OBJC_ARC = YES;
				CLANG_WARN_BLOCK_CAPTURE_AUTORELEASING = YES;
				CLANG_WARN_BOOL_CONVERSION = YES;
				CLANG_WARN_COMMA = YES;
				CLANG_WARN_CONSTANT_CONVERSION = YES;
				CLANG_WARN_DEPRECATED_OBJC_IMPLEMENTATIONS = YES;
				CLANG_WARN_DIRECT_OBJC_ISA_USAGE = YES_ERROR;
				CLANG_WARN_EMPTY_BODY = YES;
				CLANG_WARN_ENUM_CONVERSION = YES;
				CLANG_WARN_INFINITE_RECURSION = YES;
				CLANG_WARN_INT_CONVERSION = YES;
				CLANG_WARN_NON_LITERAL_NULL_CONVERSION = YES;
				CLANG_WARN_OBJC_IMPLICIT_RETAIN_SELF = YES;
				CLANG_WARN_OBJC_LITERAL_CONVERSION = YES;
				CLANG_WARN_OBJC_ROOT_CLASS = YES_ERROR;
				CLANG_WARN_RANGE_LOOP_ANALYSIS = YES;
				CLANG_WARN_STRICT_PROTOTYPES = YES;
				CLANG_WARN_SUSPICIOUS_MOVE = YES;
				CLANG_WARN_UNREACHABLE_CODE = YES;
				CLANG_WARN__DUPLICATE_METHOD_MATCH = YES;
				"CODE_SIGN_IDENTITY[sdk=iphoneos*]" = "iPhone Developer";
				COPY_PHASE_STRIP = NO;
				DEBUG_INFORMATION_FORMAT = dwarf;
				ENABLE_STRICT_OBJC_MSGSEND = YES;
				ENABLE_TESTABILITY = YES;
				GCC_C_LANGUAGE_STANDARD = gnu99;
				GCC_DYNAMIC_NO_PIC = NO;
				GCC_NO_COMMON_BLOCKS = YES;
				GCC_OPTIMIZATION_LEVEL = 0;
				GCC_PREPROCESSOR_DEFINITIONS = (
					"DEBUG=1",
					"$(inherited)",
				);
				GCC_WARN_64_TO_32_BIT_CONVERSION = YES;
				GCC_WARN_ABOUT_RETURN_TYPE = YES_ERROR;
				GCC_WARN_UNDECLARED_SELECTOR = YES;
				GCC_WARN_UNINITIALIZED_AUTOS = YES_AGGRESSIVE;
				GCC_WARN_UNUSED_FUNCTION = YES;
				GCC_WARN_UNUSED_VARIABLE = YES;
				IPHONEOS_DEPLOYMENT_TARGET = 13.2;
				MTL_ENABLE_DEBUG_INFO = YES;
				ONLY_ACTIVE_ARCH = YES;
				SDKROOT = iphoneos;
				SWIFT_OPTIMIZATION_LEVEL = "-Onone";
				SWIFT_VERSION = 5.0;
			};
			name = Debug;
		};
		A873830B1D4D43FD00BA5070 /* Release */ = {
			isa = XCBuildConfiguration;
			buildSettings = {
				ALWAYS_SEARCH_USER_PATHS = NO;
				CLANG_ANALYZER_LOCALIZABILITY_NONLOCALIZED = YES;
				CLANG_ANALYZER_NONNULL = YES;
				CLANG_CXX_LANGUAGE_STANDARD = "gnu++0x";
				CLANG_CXX_LIBRARY = "libc++";
				CLANG_ENABLE_MODULES = YES;
				CLANG_ENABLE_OBJC_ARC = YES;
				CLANG_WARN_BLOCK_CAPTURE_AUTORELEASING = YES;
				CLANG_WARN_BOOL_CONVERSION = YES;
				CLANG_WARN_COMMA = YES;
				CLANG_WARN_CONSTANT_CONVERSION = YES;
				CLANG_WARN_DEPRECATED_OBJC_IMPLEMENTATIONS = YES;
				CLANG_WARN_DIRECT_OBJC_ISA_USAGE = YES_ERROR;
				CLANG_WARN_EMPTY_BODY = YES;
				CLANG_WARN_ENUM_CONVERSION = YES;
				CLANG_WARN_INFINITE_RECURSION = YES;
				CLANG_WARN_INT_CONVERSION = YES;
				CLANG_WARN_NON_LITERAL_NULL_CONVERSION = YES;
				CLANG_WARN_OBJC_IMPLICIT_RETAIN_SELF = YES;
				CLANG_WARN_OBJC_LITERAL_CONVERSION = YES;
				CLANG_WARN_OBJC_ROOT_CLASS = YES_ERROR;
				CLANG_WARN_RANGE_LOOP_ANALYSIS = YES;
				CLANG_WARN_STRICT_PROTOTYPES = YES;
				CLANG_WARN_SUSPICIOUS_MOVE = YES;
				CLANG_WARN_UNREACHABLE_CODE = YES;
				CLANG_WARN__DUPLICATE_METHOD_MATCH = YES;
				"CODE_SIGN_IDENTITY[sdk=iphoneos*]" = "iPhone Developer";
				COPY_PHASE_STRIP = NO;
				DEBUG_INFORMATION_FORMAT = "dwarf-with-dsym";
				ENABLE_NS_ASSERTIONS = NO;
				ENABLE_STRICT_OBJC_MSGSEND = YES;
				GCC_C_LANGUAGE_STANDARD = gnu99;
				GCC_NO_COMMON_BLOCKS = YES;
				GCC_WARN_64_TO_32_BIT_CONVERSION = YES;
				GCC_WARN_ABOUT_RETURN_TYPE = YES_ERROR;
				GCC_WARN_UNDECLARED_SELECTOR = YES;
				GCC_WARN_UNINITIALIZED_AUTOS = YES_AGGRESSIVE;
				GCC_WARN_UNUSED_FUNCTION = YES;
				GCC_WARN_UNUSED_VARIABLE = YES;
				IPHONEOS_DEPLOYMENT_TARGET = 13.2;
				MTL_ENABLE_DEBUG_INFO = NO;
				SDKROOT = iphoneos;
				SWIFT_COMPILATION_MODE = wholemodule;
				SWIFT_VERSION = 5.0;
				VALIDATE_PRODUCT = YES;
			};
			name = Release;
		};
		A873830D1D4D43FD00BA5070 /* Debug */ = {
			isa = XCBuildConfiguration;
			buildSettings = {
				ASSETCATALOG_COMPILER_APPICON_NAME = AppIcon;
				DEVELOPMENT_TEAM = 78EK3V2758;
				INFOPLIST_FILE = Game/Info.plist;
				IPHONEOS_DEPLOYMENT_TARGET = 13.2;
				LD_RUNPATH_SEARCH_PATHS = "$(inherited) @executable_path/Frameworks";
				MARKETING_VERSION = 1.2;
				PRODUCT_BUNDLE_IDENTIFIER = com.7renk.Game;
				PRODUCT_NAME = "$(TARGET_NAME)";
			};
			name = Debug;
		};
		A873830E1D4D43FD00BA5070 /* Release */ = {
			isa = XCBuildConfiguration;
			buildSettings = {
				ASSETCATALOG_COMPILER_APPICON_NAME = AppIcon;
				DEVELOPMENT_TEAM = 78EK3V2758;
				INFOPLIST_FILE = Game/Info.plist;
				IPHONEOS_DEPLOYMENT_TARGET = 13.2;
				LD_RUNPATH_SEARCH_PATHS = "$(inherited) @executable_path/Frameworks";
				MARKETING_VERSION = 1.2;
				PRODUCT_BUNDLE_IDENTIFIER = com.7renk.Game;
				PRODUCT_NAME = "$(TARGET_NAME)";
			};
			name = Release;
		};
/* End XCBuildConfiguration section */

/* Begin XCConfigurationList section */
		A87382F51D4D43FD00BA5070 /* Build configuration list for PBXProject "Game" */ = {
			isa = XCConfigurationList;
			buildConfigurations = (
				A873830A1D4D43FD00BA5070 /* Debug */,
				A873830B1D4D43FD00BA5070 /* Release */,
			);
			defaultConfigurationIsVisible = 0;
			defaultConfigurationName = Release;
		};
		A873830C1D4D43FD00BA5070 /* Build configuration list for PBXNativeTarget "Game" */ = {
			isa = XCConfigurationList;
			buildConfigurations = (
				A873830D1D4D43FD00BA5070 /* Debug */,
				A873830E1D4D43FD00BA5070 /* Release */,
			);
			defaultConfigurationIsVisible = 0;
			defaultConfigurationName = Release;
		};
/* End XCConfigurationList section */
	};
	rootObject = A87382F21D4D43FD00BA5070 /* Project object */;
}
